// !$*UTF8*$!
{
	archiveVersion = 1;
	classes = {
	};
	objectVersion = 46;
	objects = {

/* Begin PBXBuildFile section */
		3814C2AA1D0E2D99001FC733 /* AppDelegate.swift in Sources */ = {isa = PBXBuildFile; fileRef = 3814C2A91D0E2D99001FC733 /* AppDelegate.swift */; };
		3814C2AF1D0E2D99001FC733 /* Main.storyboard in Resources */ = {isa = PBXBuildFile; fileRef = 3814C2AD1D0E2D99001FC733 /* Main.storyboard */; };
		3814C2B11D0E2D99001FC733 /* Assets.xcassets in Resources */ = {isa = PBXBuildFile; fileRef = 3814C2B01D0E2D99001FC733 /* Assets.xcassets */; };
		3814C2B41D0E2D99001FC733 /* LaunchScreen.storyboard in Resources */ = {isa = PBXBuildFile; fileRef = 3814C2B21D0E2D99001FC733 /* LaunchScreen.storyboard */; };
		3814C2C01D0E2F4E001FC733 /* ViewController.swift in Sources */ = {isa = PBXBuildFile; fileRef = 3814C2BF1D0E2F4E001FC733 /* ViewController.swift */; };
		3814C2C21D0E30A1001FC733 /* Constants.swift in Sources */ = {isa = PBXBuildFile; fileRef = 3814C2C11D0E30A1001FC733 /* Constants.swift */; };
		3814C2C51D0E3A4B001FC733 /* Dictionary+Utilities.swift in Sources */ = {isa = PBXBuildFile; fileRef = 3814C2C41D0E3A4B001FC733 /* Dictionary+Utilities.swift */; };
		3814C2C71D0E3B55001FC733 /* NetworkManager.swift in Sources */ = {isa = PBXBuildFile; fileRef = 3814C2C61D0E3B55001FC733 /* NetworkManager.swift */; };
		3814C2C91D0F74BB001FC733 /* NetworkError.swift in Sources */ = {isa = PBXBuildFile; fileRef = 3814C2C81D0F74BB001FC733 /* NetworkError.swift */; };
		3814C2DF1D0F8B22001FC733 /* NetworkManagerTests.swift in Sources */ = {isa = PBXBuildFile; fileRef = 3814C2DE1D0F8B22001FC733 /* NetworkManagerTests.swift */; };
		3814C2E11D0F8C4B001FC733 /* NetworkManager.swift in Sources */ = {isa = PBXBuildFile; fileRef = 3814C2C61D0E3B55001FC733 /* NetworkManager.swift */; };
		3814C2E21D0F8C51001FC733 /* NetworkError.swift in Sources */ = {isa = PBXBuildFile; fileRef = 3814C2C81D0F74BB001FC733 /* NetworkError.swift */; };
		3814C2E31D0F8D49001FC733 /* Constants.swift in Sources */ = {isa = PBXBuildFile; fileRef = 3814C2C11D0E30A1001FC733 /* Constants.swift */; };
/* End PBXBuildFile section */

/* Begin PBXContainerItemProxy section */
		3814C2D71D0F8ACA001FC733 /* PBXContainerItemProxy */ = {
			isa = PBXContainerItemProxy;
			containerPortal = 3814C29E1D0E2D99001FC733 /* Project object */;
			proxyType = 1;
			remoteGlobalIDString = 3814C2A51D0E2D99001FC733;
			remoteInfo = "instagram-auth";
		};
/* End PBXContainerItemProxy section */

/* Begin PBXFileReference section */
		3814C2A61D0E2D99001FC733 /* instagram-auth.app */ = {isa = PBXFileReference; explicitFileType = wrapper.application; includeInIndex = 0; path = "instagram-auth.app"; sourceTree = BUILT_PRODUCTS_DIR; };
		3814C2A91D0E2D99001FC733 /* AppDelegate.swift */ = {isa = PBXFileReference; lastKnownFileType = sourcecode.swift; path = AppDelegate.swift; sourceTree = "<group>"; };
		3814C2AE1D0E2D99001FC733 /* Base */ = {isa = PBXFileReference; lastKnownFileType = file.storyboard; name = Base; path = Base.lproj/Main.storyboard; sourceTree = "<group>"; };
		3814C2B01D0E2D99001FC733 /* Assets.xcassets */ = {isa = PBXFileReference; lastKnownFileType = folder.assetcatalog; path = Assets.xcassets; sourceTree = "<group>"; };
		3814C2B31D0E2D99001FC733 /* Base */ = {isa = PBXFileReference; lastKnownFileType = file.storyboard; name = Base; path = Base.lproj/LaunchScreen.storyboard; sourceTree = "<group>"; };
		3814C2B51D0E2D99001FC733 /* Info.plist */ = {isa = PBXFileReference; lastKnownFileType = text.plist.xml; path = Info.plist; sourceTree = "<group>"; };
		3814C2BF1D0E2F4E001FC733 /* ViewController.swift */ = {isa = PBXFileReference; fileEncoding = 4; lastKnownFileType = sourcecode.swift; path = ViewController.swift; sourceTree = "<group>"; };
		3814C2C11D0E30A1001FC733 /* Constants.swift */ = {isa = PBXFileReference; fileEncoding = 4; lastKnownFileType = sourcecode.swift; path = Constants.swift; sourceTree = "<group>"; };
		3814C2C41D0E3A4B001FC733 /* Dictionary+Utilities.swift */ = {isa = PBXFileReference; fileEncoding = 4; lastKnownFileType = sourcecode.swift; path = "Dictionary+Utilities.swift"; sourceTree = "<group>"; };
		3814C2C61D0E3B55001FC733 /* NetworkManager.swift */ = {isa = PBXFileReference; fileEncoding = 4; lastKnownFileType = sourcecode.swift; path = NetworkManager.swift; sourceTree = "<group>"; };
		3814C2C81D0F74BB001FC733 /* NetworkError.swift */ = {isa = PBXFileReference; fileEncoding = 4; lastKnownFileType = sourcecode.swift; path = NetworkError.swift; sourceTree = "<group>"; };
		3814C2D21D0F8ACA001FC733 /* instagram-authTests.xctest */ = {isa = PBXFileReference; explicitFileType = wrapper.cfbundle; includeInIndex = 0; path = "instagram-authTests.xctest"; sourceTree = BUILT_PRODUCTS_DIR; };
		3814C2D61D0F8ACA001FC733 /* Info.plist */ = {isa = PBXFileReference; lastKnownFileType = text.plist.xml; path = Info.plist; sourceTree = "<group>"; };
		3814C2DE1D0F8B22001FC733 /* NetworkManagerTests.swift */ = {isa = PBXFileReference; fileEncoding = 4; lastKnownFileType = sourcecode.swift; path = NetworkManagerTests.swift; sourceTree = "<group>"; };
		3814C2E01D0F8B43001FC733 /* instagram-authTests-Bridging-Header.h */ = {isa = PBXFileReference; fileEncoding = 4; lastKnownFileType = sourcecode.c.h; path = "instagram-authTests-Bridging-Header.h"; sourceTree = "<group>"; };
/* End PBXFileReference section */

/* Begin PBXFrameworksBuildPhase section */
		3814C2A31D0E2D99001FC733 /* Frameworks */ = {
			isa = PBXFrameworksBuildPhase;
			buildActionMask = 2147483647;
			files = (
			);
			runOnlyForDeploymentPostprocessing = 0;
		};
		3814C2CF1D0F8ACA001FC733 /* Frameworks */ = {
			isa = PBXFrameworksBuildPhase;
			buildActionMask = 2147483647;
			files = (
			);
			runOnlyForDeploymentPostprocessing = 0;
		};
/* End PBXFrameworksBuildPhase section */

/* Begin PBXGroup section */
		3814C29D1D0E2D99001FC733 = {
			isa = PBXGroup;
			children = (
				3814C2A81D0E2D99001FC733 /* instagram-auth */,
				3814C2D31D0F8ACA001FC733 /* instagram-authTests */,
				3814C2A71D0E2D99001FC733 /* Products */,
			);
			sourceTree = "<group>";
		};
		3814C2A71D0E2D99001FC733 /* Products */ = {
			isa = PBXGroup;
			children = (
				3814C2A61D0E2D99001FC733 /* instagram-auth.app */,
				3814C2D21D0F8ACA001FC733 /* instagram-authTests.xctest */,
			);
			name = Products;
			sourceTree = "<group>";
		};
		3814C2A81D0E2D99001FC733 /* instagram-auth */ = {
			isa = PBXGroup;
			children = (
				3814C2C31D0E39E4001FC733 /* Extensions */,
				3814C2BE1D0E2ED9001FC733 /* Controllers */,
				3814C2BD1D0E2E08001FC733 /* Constants */,
				3814C2BC1D0E2DFE001FC733 /* Service */,
				3814C2BB1D0E2DE5001FC733 /* Network */,
				3814C2A91D0E2D99001FC733 /* AppDelegate.swift */,
				3814C2AD1D0E2D99001FC733 /* Main.storyboard */,
				3814C2B01D0E2D99001FC733 /* Assets.xcassets */,
				3814C2B21D0E2D99001FC733 /* LaunchScreen.storyboard */,
				3814C2B51D0E2D99001FC733 /* Info.plist */,
			);
			path = "instagram-auth";
			sourceTree = "<group>";
		};
		3814C2BB1D0E2DE5001FC733 /* Network */ = {
			isa = PBXGroup;
			children = (
				3814C2C61D0E3B55001FC733 /* NetworkManager.swift */,
				3814C2C81D0F74BB001FC733 /* NetworkError.swift */,
			);
			path = Network;
			sourceTree = "<group>";
		};
		3814C2BC1D0E2DFE001FC733 /* Service */ = {
			isa = PBXGroup;
			children = (
			);
			path = Service;
			sourceTree = "<group>";
		};
		3814C2BD1D0E2E08001FC733 /* Constants */ = {
			isa = PBXGroup;
			children = (
				3814C2C11D0E30A1001FC733 /* Constants.swift */,
			);
			path = Constants;
			sourceTree = "<group>";
		};
		3814C2BE1D0E2ED9001FC733 /* Controllers */ = {
			isa = PBXGroup;
			children = (
				3814C2BF1D0E2F4E001FC733 /* ViewController.swift */,
			);
			path = Controllers;
			sourceTree = "<group>";
		};
		3814C2C31D0E39E4001FC733 /* Extensions */ = {
			isa = PBXGroup;
			children = (
				3814C2C41D0E3A4B001FC733 /* Dictionary+Utilities.swift */,
			);
			path = Extensions;
			sourceTree = "<group>";
		};
		3814C2D31D0F8ACA001FC733 /* instagram-authTests */ = {
			isa = PBXGroup;
			children = (
				3814C2E01D0F8B43001FC733 /* instagram-authTests-Bridging-Header.h */,
				3814C2DC1D0F8AE1001FC733 /* Network */,
				3814C2D61D0F8ACA001FC733 /* Info.plist */,
			);
			path = "instagram-authTests";
			sourceTree = "<group>";
		};
		3814C2DC1D0F8AE1001FC733 /* Network */ = {
			isa = PBXGroup;
			children = (
				3814C2DE1D0F8B22001FC733 /* NetworkManagerTests.swift */,
			);
			path = Network;
			sourceTree = "<group>";
		};
/* End PBXGroup section */

/* Begin PBXNativeTarget section */
		3814C2A51D0E2D99001FC733 /* instagram-auth */ = {
			isa = PBXNativeTarget;
			buildConfigurationList = 3814C2B81D0E2D99001FC733 /* Build configuration list for PBXNativeTarget "instagram-auth" */;
			buildPhases = (
				3814C2A21D0E2D99001FC733 /* Sources */,
				3814C2A31D0E2D99001FC733 /* Frameworks */,
				3814C2A41D0E2D99001FC733 /* Resources */,
			);
			buildRules = (
			);
			dependencies = (
			);
			name = "instagram-auth";
			productName = "instagram-auth";
			productReference = 3814C2A61D0E2D99001FC733 /* instagram-auth.app */;
			productType = "com.apple.product-type.application";
		};
		3814C2D11D0F8ACA001FC733 /* instagram-authTests */ = {
			isa = PBXNativeTarget;
			buildConfigurationList = 3814C2D91D0F8ACA001FC733 /* Build configuration list for PBXNativeTarget "instagram-authTests" */;
			buildPhases = (
				3814C2CE1D0F8ACA001FC733 /* Sources */,
				3814C2CF1D0F8ACA001FC733 /* Frameworks */,
				3814C2D01D0F8ACA001FC733 /* Resources */,
			);
			buildRules = (
			);
			dependencies = (
				3814C2D81D0F8ACA001FC733 /* PBXTargetDependency */,
			);
			name = "instagram-authTests";
			productName = "instagram-authTests";
			productReference = 3814C2D21D0F8ACA001FC733 /* instagram-authTests.xctest */;
			productType = "com.apple.product-type.bundle.unit-test";
		};
/* End PBXNativeTarget section */

/* Begin PBXProject section */
		3814C29E1D0E2D99001FC733 /* Project object */ = {
			isa = PBXProject;
			attributes = {
				LastSwiftUpdateCheck = 0730;
				LastUpgradeCheck = 0730;
				ORGANIZATIONNAME = Tolkiana;
				TargetAttributes = {
					3814C2A51D0E2D99001FC733 = {
						CreatedOnToolsVersion = 7.3;
					};
					3814C2D11D0F8ACA001FC733 = {
						CreatedOnToolsVersion = 7.3;
						TestTargetID = 3814C2A51D0E2D99001FC733;
					};
				};
			};
			buildConfigurationList = 3814C2A11D0E2D99001FC733 /* Build configuration list for PBXProject "instagram-auth" */;
			compatibilityVersion = "Xcode 3.2";
			developmentRegion = English;
			hasScannedForEncodings = 0;
			knownRegions = (
				en,
				Base,
			);
			mainGroup = 3814C29D1D0E2D99001FC733;
			productRefGroup = 3814C2A71D0E2D99001FC733 /* Products */;
			projectDirPath = "";
			projectRoot = "";
			targets = (
				3814C2A51D0E2D99001FC733 /* instagram-auth */,
				3814C2D11D0F8ACA001FC733 /* instagram-authTests */,
			);
		};
/* End PBXProject section */

/* Begin PBXResourcesBuildPhase section */
		3814C2A41D0E2D99001FC733 /* Resources */ = {
			isa = PBXResourcesBuildPhase;
			buildActionMask = 2147483647;
			files = (
				3814C2B41D0E2D99001FC733 /* LaunchScreen.storyboard in Resources */,
				3814C2B11D0E2D99001FC733 /* Assets.xcassets in Resources */,
				3814C2AF1D0E2D99001FC733 /* Main.storyboard in Resources */,
			);
			runOnlyForDeploymentPostprocessing = 0;
		};
		3814C2D01D0F8ACA001FC733 /* Resources */ = {
			isa = PBXResourcesBuildPhase;
			buildActionMask = 2147483647;
			files = (
			);
			runOnlyForDeploymentPostprocessing = 0;
		};
/* End PBXResourcesBuildPhase section */

/* Begin PBXSourcesBuildPhase section */
		3814C2A21D0E2D99001FC733 /* Sources */ = {
			isa = PBXSourcesBuildPhase;
			buildActionMask = 2147483647;
			files = (
				3814C2C01D0E2F4E001FC733 /* ViewController.swift in Sources */,
				3814C2AA1D0E2D99001FC733 /* AppDelegate.swift in Sources */,
				3814C2C71D0E3B55001FC733 /* NetworkManager.swift in Sources */,
				3814C2C91D0F74BB001FC733 /* NetworkError.swift in Sources */,
				3814C2C51D0E3A4B001FC733 /* Dictionary+Utilities.swift in Sources */,
				3814C2C21D0E30A1001FC733 /* Constants.swift in Sources */,
			);
			runOnlyForDeploymentPostprocessing = 0;
		};
		3814C2CE1D0F8ACA001FC733 /* Sources */ = {
			isa = PBXSourcesBuildPhase;
			buildActionMask = 2147483647;
			files = (
				3814C2E21D0F8C51001FC733 /* NetworkError.swift in Sources */,
				3814C2E11D0F8C4B001FC733 /* NetworkManager.swift in Sources */,
				3814C2DF1D0F8B22001FC733 /* NetworkManagerTests.swift in Sources */,
				3814C2E31D0F8D49001FC733 /* Constants.swift in Sources */,
			);
			runOnlyForDeploymentPostprocessing = 0;
		};
/* End PBXSourcesBuildPhase section */

/* Begin PBXTargetDependency section */
		3814C2D81D0F8ACA001FC733 /* PBXTargetDependency */ = {
			isa = PBXTargetDependency;
			target = 3814C2A51D0E2D99001FC733 /* instagram-auth */;
			targetProxy = 3814C2D71D0F8ACA001FC733 /* PBXContainerItemProxy */;
		};
/* End PBXTargetDependency section */

/* Begin PBXVariantGroup section */
		3814C2AD1D0E2D99001FC733 /* Main.storyboard */ = {
			isa = PBXVariantGroup;
			children = (
				3814C2AE1D0E2D99001FC733 /* Base */,
			);
			name = Main.storyboard;
			sourceTree = "<group>";
		};
		3814C2B21D0E2D99001FC733 /* LaunchScreen.storyboard */ = {
			isa = PBXVariantGroup;
			children = (
				3814C2B31D0E2D99001FC733 /* Base */,
			);
			name = LaunchScreen.storyboard;
			sourceTree = "<group>";
		};
/* End PBXVariantGroup section */

/* Begin XCBuildConfiguration section */
		3814C2B61D0E2D99001FC733 /* Debug */ = {
			isa = XCBuildConfiguration;
			buildSettings = {
				ALWAYS_SEARCH_USER_PATHS = NO;
				CLANG_ANALYZER_NONNULL = YES;
				CLANG_CXX_LANGUAGE_STANDARD = "gnu++0x";
				CLANG_CXX_LIBRARY = "libc++";
				CLANG_ENABLE_MODULES = YES;
				CLANG_ENABLE_OBJC_ARC = YES;
				CLANG_WARN_BOOL_CONVERSION = YES;
				CLANG_WARN_CONSTANT_CONVERSION = YES;
				CLANG_WARN_DIRECT_OBJC_ISA_USAGE = YES_ERROR;
				CLANG_WARN_EMPTY_BODY = YES;
				CLANG_WARN_ENUM_CONVERSION = YES;
				CLANG_WARN_INT_CONVERSION = YES;
				CLANG_WARN_OBJC_ROOT_CLASS = YES_ERROR;
				CLANG_WARN_UNREACHABLE_CODE = YES;
				CLANG_WARN__DUPLICATE_METHOD_MATCH = YES;
				"CODE_SIGN_IDENTITY[sdk=iphoneos*]" = "iPhone Developer";
				COPY_PHASE_STRIP = NO;
				DEBUG_INFORMATION_FORMAT = dwarf;
				ENABLE_STRICT_OBJC_MSGSEND = YES;
				ENABLE_TESTABILITY = YES;
				GCC_C_LANGUAGE_STANDARD = gnu99;
				GCC_DYNAMIC_NO_PIC = NO;
				GCC_NO_COMMON_BLOCKS = YES;
				GCC_OPTIMIZATION_LEVEL = 0;
				GCC_PREPROCESSOR_DEFINITIONS = (
					"DEBUG=1",
					"$(inherited)",
				);
				GCC_WARN_64_TO_32_BIT_CONVERSION = YES;
				GCC_WARN_ABOUT_RETURN_TYPE = YES_ERROR;
				GCC_WARN_UNDECLARED_SELECTOR = YES;
				GCC_WARN_UNINITIALIZED_AUTOS = YES_AGGRESSIVE;
				GCC_WARN_UNUSED_FUNCTION = YES;
				GCC_WARN_UNUSED_VARIABLE = YES;
				IPHONEOS_DEPLOYMENT_TARGET = 9.3;
				MTL_ENABLE_DEBUG_INFO = YES;
				ONLY_ACTIVE_ARCH = YES;
				SDKROOT = iphoneos;
				SWIFT_OPTIMIZATION_LEVEL = "-Onone";
				TARGETED_DEVICE_FAMILY = "1,2";
			};
			name = Debug;
		};
		3814C2B71D0E2D99001FC733 /* Release */ = {
			isa = XCBuildConfiguration;
			buildSettings = {
				ALWAYS_SEARCH_USER_PATHS = NO;
				CLANG_ANALYZER_NONNULL = YES;
				CLANG_CXX_LANGUAGE_STANDARD = "gnu++0x";
				CLANG_CXX_LIBRARY = "libc++";
				CLANG_ENABLE_MODULES = YES;
				CLANG_ENABLE_OBJC_ARC = YES;
				CLANG_WARN_BOOL_CONVERSION = YES;
				CLANG_WARN_CONSTANT_CONVERSION = YES;
				CLANG_WARN_DIRECT_OBJC_ISA_USAGE = YES_ERROR;
				CLANG_WARN_EMPTY_BODY = YES;
				CLANG_WARN_ENUM_CONVERSION = YES;
				CLANG_WARN_INT_CONVERSION = YES;
				CLANG_WARN_OBJC_ROOT_CLASS = YES_ERROR;
				CLANG_WARN_UNREACHABLE_CODE = YES;
				CLANG_WARN__DUPLICATE_METHOD_MATCH = YES;
				"CODE_SIGN_IDENTITY[sdk=iphoneos*]" = "iPhone Developer";
				COPY_PHASE_STRIP = NO;
				DEBUG_INFORMATION_FORMAT = "dwarf-with-dsym";
				ENABLE_NS_ASSERTIONS = NO;
				ENABLE_STRICT_OBJC_MSGSEND = YES;
				GCC_C_LANGUAGE_STANDARD = gnu99;
				GCC_NO_COMMON_BLOCKS = YES;
				GCC_WARN_64_TO_32_BIT_CONVERSION = YES;
				GCC_WARN_ABOUT_RETURN_TYPE = YES_ERROR;
				GCC_WARN_UNDECLARED_SELECTOR = YES;
				GCC_WARN_UNINITIALIZED_AUTOS = YES_AGGRESSIVE;
				GCC_WARN_UNUSED_FUNCTION = YES;
				GCC_WARN_UNUSED_VARIABLE = YES;
				IPHONEOS_DEPLOYMENT_TARGET = 9.3;
				MTL_ENABLE_DEBUG_INFO = NO;
				SDKROOT = iphoneos;
				TARGETED_DEVICE_FAMILY = "1,2";
				VALIDATE_PRODUCT = YES;
			};
			name = Release;
		};
		3814C2B91D0E2D99001FC733 /* Debug */ = {
			isa = XCBuildConfiguration;
			buildSettings = {
				ASSETCATALOG_COMPILER_APPICON_NAME = AppIcon;
				INFOPLIST_FILE = "instagram-auth/Info.plist";
				LD_RUNPATH_SEARCH_PATHS = "$(inherited) @executable_path/Frameworks";
				PRODUCT_BUNDLE_IDENTIFIER = "com.tolkiana.instagram-auth";
				PRODUCT_NAME = "$(TARGET_NAME)";
			};
			name = Debug;
		};
		3814C2BA1D0E2D99001FC733 /* Release */ = {
			isa = XCBuildConfiguration;
			buildSettings = {
				ASSETCATALOG_COMPILER_APPICON_NAME = AppIcon;
				INFOPLIST_FILE = "instagram-auth/Info.plist";
				LD_RUNPATH_SEARCH_PATHS = "$(inherited) @executable_path/Frameworks";
				PRODUCT_BUNDLE_IDENTIFIER = "com.tolkiana.instagram-auth";
				PRODUCT_NAME = "$(TARGET_NAME)";
			};
			name = Release;
		};
		3814C2DA1D0F8ACA001FC733 /* Debug */ = {
			isa = XCBuildConfiguration;
			buildSettings = {
				BUNDLE_LOADER = "$(TEST_HOST)";
				CLANG_ENABLE_MODULES = YES;
				INFOPLIST_FILE = "instagram-authTests/Info.plist";
				LD_RUNPATH_SEARCH_PATHS = "$(inherited) @executable_path/Frameworks @loader_path/Frameworks";
				PRODUCT_BUNDLE_IDENTIFIER = "com.tolkiana.instagram-authTests";
				PRODUCT_NAME = "$(TARGET_NAME)";
				SWIFT_OBJC_BRIDGING_HEADER = "instagram-authTests/instagram-authTests-Bridging-Header.h";
				SWIFT_OPTIMIZATION_LEVEL = "-Onone";
				TEST_HOST = "$(BUILT_PRODUCTS_DIR)/instagram-auth.app/instagram-auth";
			};
			name = Debug;
		};
		3814C2DB1D0F8ACA001FC733 /* Release */ = {
			isa = XCBuildConfiguration;
			buildSettings = {
				BUNDLE_LOADER = "$(TEST_HOST)";
				CLANG_ENABLE_MODULES = YES;
				INFOPLIST_FILE = "instagram-authTests/Info.plist";
				LD_RUNPATH_SEARCH_PATHS = "$(inherited) @executable_path/Frameworks @loader_path/Frameworks";
				PRODUCT_BUNDLE_IDENTIFIER = "com.tolkiana.instagram-authTests";
				PRODUCT_NAME = "$(TARGET_NAME)";
				SWIFT_OBJC_BRIDGING_HEADER = "instagram-authTests/instagram-authTests-Bridging-Header.h";
				TEST_HOST = "$(BUILT_PRODUCTS_DIR)/instagram-auth.app/instagram-auth";
			};
			name = Release;
		};
/* End XCBuildConfiguration section */

/* Begin XCConfigurationList section */
		3814C2A11D0E2D99001FC733 /* Build configuration list for PBXProject "instagram-auth" */ = {
			isa = XCConfigurationList;
			buildConfigurations = (
				3814C2B61D0E2D99001FC733 /* Debug */,
				3814C2B71D0E2D99001FC733 /* Release */,
			);
			defaultConfigurationIsVisible = 0;
			defaultConfigurationName = Release;
		};
		3814C2B81D0E2D99001FC733 /* Build configuration list for PBXNativeTarget "instagram-auth" */ = {
			isa = XCConfigurationList;
			buildConfigurations = (
				3814C2B91D0E2D99001FC733 /* Debug */,
				3814C2BA1D0E2D99001FC733 /* Release */,
			);
			defaultConfigurationIsVisible = 0;
		};
		3814C2D91D0F8ACA001FC733 /* Build configuration list for PBXNativeTarget "instagram-authTests" */ = {
			isa = XCConfigurationList;
			buildConfigurations = (
				3814C2DA1D0F8ACA001FC733 /* Debug */,
				3814C2DB1D0F8ACA001FC733 /* Release */,
			);
			defaultConfigurationIsVisible = 0;
		};
/* End XCConfigurationList section */
	};
	rootObject = 3814C29E1D0E2D99001FC733 /* Project object */;
}
